
Microsoft Visual Studio Solution File, Format Version 12.00
# Visual Studio Version 17
VisualStudioVersion = 17.13.35931.197 d17.13
MinimumVisualStudioVersion = 10.0.40219.1
Project("{FAE04EC0-301F-11D3-BF4B-00C04F79EFBC}") = "Silly Holiday", "Silly Holiday\Silly Holiday.csproj", "{4061F13C-0C0D-4EB2-B1C0-C70F9CF623B9}"
EndProject
Global
	GlobalSection(SolutionConfigurationPlatforms) = preSolution
		Debug|Any CPU = Debug|Any CPU
		Release|Any CPU = Release|Any CPU
	EndGlobalSection
	GlobalSection(ProjectConfigurationPlatforms) = postSolution
		{4061F13C-0C0D-4EB2-B1C0-C70F9CF623B9}.Debug|Any CPU.ActiveCfg = Debug|Any CPU
		{4061F13C-0C0D-4EB2-B1C0-C70F9CF623B9}.Debug|Any CPU.Build.0 = Debug|Any CPU
		{4061F13C-0C0D-4EB2-B1C0-C70F9CF623B9}.Release|Any CPU.ActiveCfg = Release|Any CPU
		{4061F13C-0C0D-4EB2-B1C0-C70F9CF623B9}.Release|Any CPU.Build.0 = Release|Any CPU
	EndGlobalSection
	GlobalSection(SolutionProperties) = preSolution
		HideSolutionNode = FALSE
	EndGlobalSection
	GlobalSection(ExtensibilityGlobals) = postSolution
		SolutionGuid = {7C49DC64-FA2F-497F-B3F2-9759E6651C10}
	EndGlobalSection
EndGlobal
